
Microsoft Visual Studio Solution File, Format Version 12.00
# Visual Studio Version 16
VisualStudioVersion = 16.0.30804.86
MinimumVisualStudioVersion = 10.0.40219.1
Project("{FAE04EC0-301F-11D3-BF4B-00C04F79EFBC}") = "EscapeMines", "EscapeMines\EscapeMines.csproj", "{95360064-F263-40B8-86AC-86822F43B43E}"
EndProject
Global
	GlobalSection(SolutionConfigurationPlatforms) = preSolution
		Debug|Any CPU = Debug|Any CPU
		Release|Any CPU = Release|Any CPU
	EndGlobalSection
	GlobalSection(ProjectConfigurationPlatforms) = postSolution
		{95360064-F263-40B8-86AC-86822F43B43E}.Debug|Any CPU.ActiveCfg = Debug|Any CPU
		{95360064-F263-40B8-86AC-86822F43B43E}.Debug|Any CPU.Build.0 = Debug|Any CPU
		{95360064-F263-40B8-86AC-86822F43B43E}.Release|Any CPU.ActiveCfg = Release|Any CPU
		{95360064-F263-40B8-86AC-86822F43B43E}.Release|Any CPU.Build.0 = Release|Any CPU
	EndGlobalSection
	GlobalSection(SolutionProperties) = preSolution
		HideSolutionNode = FALSE
	EndGlobalSection
	GlobalSection(ExtensibilityGlobals) = postSolution
		SolutionGuid = {3BF5B979-25C9-4CE8-8EED-4831EE840FFD}
	EndGlobalSection
EndGlobal
